// !$*UTF8*$!
{
	archiveVersion = 1;
	classes = {
	};
	objectVersion = 51;
	objects = {

/* Begin PBXBuildFile section */
		0760AEEB260668B5005773D1 /* PostCell.swift in Sources */ = {isa = PBXBuildFile; fileRef = 0760AEEA260668B5005773D1 /* PostCell.swift */; };
		07615BFD2604EC0800E05D6D /* LoginViewController.swift in Sources */ = {isa = PBXBuildFile; fileRef = 07615BFC2604EC0800E05D6D /* LoginViewController.swift */; };
		07615C022604EC2500E05D6D /* FeedViewController.swift in Sources */ = {isa = PBXBuildFile; fileRef = 07615C012604EC2500E05D6D /* FeedViewController.swift */; };
		07631F1526051AA000F6AF08 /* CameraViewController.swift in Sources */ = {isa = PBXBuildFile; fileRef = 07631F1426051AA000F6AF08 /* CameraViewController.swift */; };
		07B7F95D260BA11E0040C9E8 /* CommentCell.swift in Sources */ = {isa = PBXBuildFile; fileRef = 07B7F95C260BA11E0040C9E8 /* CommentCell.swift */; };
		07EC6CFA2603EC2F00950666 /* AppDelegate.swift in Sources */ = {isa = PBXBuildFile; fileRef = 07EC6CF92603EC2F00950666 /* AppDelegate.swift */; };
		07EC6CFC2603EC2F00950666 /* SceneDelegate.swift in Sources */ = {isa = PBXBuildFile; fileRef = 07EC6CFB2603EC2F00950666 /* SceneDelegate.swift */; };
		07EC6D012603EC2F00950666 /* Main.storyboard in Resources */ = {isa = PBXBuildFile; fileRef = 07EC6CFF2603EC2F00950666 /* Main.storyboard */; };
		07EC6D032603EC3000950666 /* Assets.xcassets in Resources */ = {isa = PBXBuildFile; fileRef = 07EC6D022603EC3000950666 /* Assets.xcassets */; };
		07EC6D062603EC3000950666 /* LaunchScreen.storyboard in Resources */ = {isa = PBXBuildFile; fileRef = 07EC6D042603EC3000950666 /* LaunchScreen.storyboard */; };
		07EC6D112603EC3100950666 /* ParstagramTests.swift in Sources */ = {isa = PBXBuildFile; fileRef = 07EC6D102603EC3100950666 /* ParstagramTests.swift */; };
		07EC6D1C2603EC3100950666 /* ParstagramUITests.swift in Sources */ = {isa = PBXBuildFile; fileRef = 07EC6D1B2603EC3100950666 /* ParstagramUITests.swift */; };
		16124FEA02A8969D056698CD /* Pods_ParstagramTests.framework in Frameworks */ = {isa = PBXBuildFile; fileRef = 6996E320D66D06C19BF320E8 /* Pods_ParstagramTests.framework */; };
		5764944B192F3BDF675B460B /* Pods_Parstagram_ParstagramUITests.framework in Frameworks */ = {isa = PBXBuildFile; fileRef = 6FA6EA75CC9E5E685BEFC701 /* Pods_Parstagram_ParstagramUITests.framework */; };
		AFF410E303C812A5D222BEF3 /* Pods_Parstagram.framework in Frameworks */ = {isa = PBXBuildFile; fileRef = 7A2AD51320742E1212A743DA /* Pods_Parstagram.framework */; };
/* End PBXBuildFile section */

/* Begin PBXContainerItemProxy section */
		07EC6D0D2603EC3100950666 /* PBXContainerItemProxy */ = {
			isa = PBXContainerItemProxy;
			containerPortal = 07EC6CEE2603EC2F00950666 /* Project object */;
			proxyType = 1;
			remoteGlobalIDString = 07EC6CF52603EC2F00950666;
			remoteInfo = Parstagram;
		};
		07EC6D182603EC3100950666 /* PBXContainerItemProxy */ = {
			isa = PBXContainerItemProxy;
			containerPortal = 07EC6CEE2603EC2F00950666 /* Project object */;
			proxyType = 1;
			remoteGlobalIDString = 07EC6CF52603EC2F00950666;
			remoteInfo = Parstagram;
		};
/* End PBXContainerItemProxy section */

/* Begin PBXFileReference section */
		0760AEEA260668B5005773D1 /* PostCell.swift */ = {isa = PBXFileReference; lastKnownFileType = sourcecode.swift; path = PostCell.swift; sourceTree = "<group>"; };
		07615BFC2604EC0800E05D6D /* LoginViewController.swift */ = {isa = PBXFileReference; lastKnownFileType = sourcecode.swift; path = LoginViewController.swift; sourceTree = "<group>"; };
		07615C012604EC2500E05D6D /* FeedViewController.swift */ = {isa = PBXFileReference; lastKnownFileType = sourcecode.swift; path = FeedViewController.swift; sourceTree = "<group>"; };
		07631F1426051AA000F6AF08 /* CameraViewController.swift */ = {isa = PBXFileReference; lastKnownFileType = sourcecode.swift; path = CameraViewController.swift; sourceTree = "<group>"; };
		07B7F95C260BA11E0040C9E8 /* CommentCell.swift */ = {isa = PBXFileReference; lastKnownFileType = sourcecode.swift; path = CommentCell.swift; sourceTree = "<group>"; };
		07EC6CF62603EC2F00950666 /* Parstagram.app */ = {isa = PBXFileReference; explicitFileType = wrapper.application; includeInIndex = 0; path = Parstagram.app; sourceTree = BUILT_PRODUCTS_DIR; };
		07EC6CF92603EC2F00950666 /* AppDelegate.swift */ = {isa = PBXFileReference; lastKnownFileType = sourcecode.swift; path = AppDelegate.swift; sourceTree = "<group>"; };
		07EC6CFB2603EC2F00950666 /* SceneDelegate.swift */ = {isa = PBXFileReference; lastKnownFileType = sourcecode.swift; path = SceneDelegate.swift; sourceTree = "<group>"; };
		07EC6D002603EC2F00950666 /* Base */ = {isa = PBXFileReference; lastKnownFileType = file.storyboard; name = Base; path = Base.lproj/Main.storyboard; sourceTree = "<group>"; };
		07EC6D022603EC3000950666 /* Assets.xcassets */ = {isa = PBXFileReference; lastKnownFileType = folder.assetcatalog; path = Assets.xcassets; sourceTree = "<group>"; };
		07EC6D052603EC3000950666 /* Base */ = {isa = PBXFileReference; lastKnownFileType = file.storyboard; name = Base; path = Base.lproj/LaunchScreen.storyboard; sourceTree = "<group>"; };
		07EC6D072603EC3000950666 /* Info.plist */ = {isa = PBXFileReference; lastKnownFileType = text.plist.xml; path = Info.plist; sourceTree = "<group>"; };
		07EC6D0C2603EC3100950666 /* ParstagramTests.xctest */ = {isa = PBXFileReference; explicitFileType = wrapper.cfbundle; includeInIndex = 0; path = ParstagramTests.xctest; sourceTree = BUILT_PRODUCTS_DIR; };
		07EC6D102603EC3100950666 /* ParstagramTests.swift */ = {isa = PBXFileReference; lastKnownFileType = sourcecode.swift; path = ParstagramTests.swift; sourceTree = "<group>"; };
		07EC6D122603EC3100950666 /* Info.plist */ = {isa = PBXFileReference; lastKnownFileType = text.plist.xml; path = Info.plist; sourceTree = "<group>"; };
		07EC6D172603EC3100950666 /* ParstagramUITests.xctest */ = {isa = PBXFileReference; explicitFileType = wrapper.cfbundle; includeInIndex = 0; path = ParstagramUITests.xctest; sourceTree = BUILT_PRODUCTS_DIR; };
		07EC6D1B2603EC3100950666 /* ParstagramUITests.swift */ = {isa = PBXFileReference; lastKnownFileType = sourcecode.swift; path = ParstagramUITests.swift; sourceTree = "<group>"; };
		07EC6D1D2603EC3100950666 /* Info.plist */ = {isa = PBXFileReference; lastKnownFileType = text.plist.xml; path = Info.plist; sourceTree = "<group>"; };
		3CA6C994412B725F1C5E0333 /* Pods-Parstagram.release.xcconfig */ = {isa = PBXFileReference; includeInIndex = 1; lastKnownFileType = text.xcconfig; name = "Pods-Parstagram.release.xcconfig"; path = "Target Support Files/Pods-Parstagram/Pods-Parstagram.release.xcconfig"; sourceTree = "<group>"; };
		48DD1763AD9D2C3F7ED4F910 /* Pods-Parstagram.debug.xcconfig */ = {isa = PBXFileReference; includeInIndex = 1; lastKnownFileType = text.xcconfig; name = "Pods-Parstagram.debug.xcconfig"; path = "Target Support Files/Pods-Parstagram/Pods-Parstagram.debug.xcconfig"; sourceTree = "<group>"; };
		65D6507BB1BC60893DBE31B5 /* Pods-Parstagram-ParstagramUITests.debug.xcconfig */ = {isa = PBXFileReference; includeInIndex = 1; lastKnownFileType = text.xcconfig; name = "Pods-Parstagram-ParstagramUITests.debug.xcconfig"; path = "Target Support Files/Pods-Parstagram-ParstagramUITests/Pods-Parstagram-ParstagramUITests.debug.xcconfig"; sourceTree = "<group>"; };
		6996E320D66D06C19BF320E8 /* Pods_ParstagramTests.framework */ = {isa = PBXFileReference; explicitFileType = wrapper.framework; includeInIndex = 0; path = Pods_ParstagramTests.framework; sourceTree = BUILT_PRODUCTS_DIR; };
		6FA6EA75CC9E5E685BEFC701 /* Pods_Parstagram_ParstagramUITests.framework */ = {isa = PBXFileReference; explicitFileType = wrapper.framework; includeInIndex = 0; path = Pods_Parstagram_ParstagramUITests.framework; sourceTree = BUILT_PRODUCTS_DIR; };
		7A2AD51320742E1212A743DA /* Pods_Parstagram.framework */ = {isa = PBXFileReference; explicitFileType = wrapper.framework; includeInIndex = 0; path = Pods_Parstagram.framework; sourceTree = BUILT_PRODUCTS_DIR; };
		9BA98F00139AFFCB50D828BC /* Pods-ParstagramTests.debug.xcconfig */ = {isa = PBXFileReference; includeInIndex = 1; lastKnownFileType = text.xcconfig; name = "Pods-ParstagramTests.debug.xcconfig"; path = "Target Support Files/Pods-ParstagramTests/Pods-ParstagramTests.debug.xcconfig"; sourceTree = "<group>"; };
		AF7CE701A27465C84803401B /* Pods-Parstagram-ParstagramUITests.release.xcconfig */ = {isa = PBXFileReference; includeInIndex = 1; lastKnownFileType = text.xcconfig; name = "Pods-Parstagram-ParstagramUITests.release.xcconfig"; path = "Target Support Files/Pods-Parstagram-ParstagramUITests/Pods-Parstagram-ParstagramUITests.release.xcconfig"; sourceTree = "<group>"; };
		F25B8BA5335825211B4F57DB /* Pods-ParstagramTests.release.xcconfig */ = {isa = PBXFileReference; includeInIndex = 1; lastKnownFileType = text.xcconfig; name = "Pods-ParstagramTests.release.xcconfig"; path = "Target Support Files/Pods-ParstagramTests/Pods-ParstagramTests.release.xcconfig"; sourceTree = "<group>"; };
/* End PBXFileReference section */

/* Begin PBXFrameworksBuildPhase section */
		07EC6CF32603EC2F00950666 /* Frameworks */ = {
			isa = PBXFrameworksBuildPhase;
			buildActionMask = 2147483647;
			files = (
				AFF410E303C812A5D222BEF3 /* Pods_Parstagram.framework in Frameworks */,
			);
			runOnlyForDeploymentPostprocessing = 0;
		};
		07EC6D092603EC3100950666 /* Frameworks */ = {
			isa = PBXFrameworksBuildPhase;
			buildActionMask = 2147483647;
			files = (
				16124FEA02A8969D056698CD /* Pods_ParstagramTests.framework in Frameworks */,
			);
			runOnlyForDeploymentPostprocessing = 0;
		};
		07EC6D142603EC3100950666 /* Frameworks */ = {
			isa = PBXFrameworksBuildPhase;
			buildActionMask = 2147483647;
			files = (
				5764944B192F3BDF675B460B /* Pods_Parstagram_ParstagramUITests.framework in Frameworks */,
			);
			runOnlyForDeploymentPostprocessing = 0;
		};
/* End PBXFrameworksBuildPhase section */

/* Begin PBXGroup section */
		07EC6CED2603EC2F00950666 = {
			isa = PBXGroup;
			children = (
				07EC6CF82603EC2F00950666 /* Parstagram */,
				07EC6D0F2603EC3100950666 /* ParstagramTests */,
				07EC6D1A2603EC3100950666 /* ParstagramUITests */,
				07EC6CF72603EC2F00950666 /* Products */,
				68AB9C32D5219EE51C844E8B /* Pods */,
				6E6029088181636BEC4C55CB /* Frameworks */,
			);
			sourceTree = "<group>";
		};
		07EC6CF72603EC2F00950666 /* Products */ = {
			isa = PBXGroup;
			children = (
				07EC6CF62603EC2F00950666 /* Parstagram.app */,
				07EC6D0C2603EC3100950666 /* ParstagramTests.xctest */,
				07EC6D172603EC3100950666 /* ParstagramUITests.xctest */,
			);
			name = Products;
			sourceTree = "<group>";
		};
		07EC6CF82603EC2F00950666 /* Parstagram */ = {
			isa = PBXGroup;
			children = (
				07EC6CF92603EC2F00950666 /* AppDelegate.swift */,
				07EC6CFB2603EC2F00950666 /* SceneDelegate.swift */,
				07EC6CFF2603EC2F00950666 /* Main.storyboard */,
				07EC6D022603EC3000950666 /* Assets.xcassets */,
				07EC6D042603EC3000950666 /* LaunchScreen.storyboard */,
				07EC6D072603EC3000950666 /* Info.plist */,
				07615BFC2604EC0800E05D6D /* LoginViewController.swift */,
				07615C012604EC2500E05D6D /* FeedViewController.swift */,
				07631F1426051AA000F6AF08 /* CameraViewController.swift */,
				0760AEEA260668B5005773D1 /* PostCell.swift */,
				07B7F95C260BA11E0040C9E8 /* CommentCell.swift */,
			);
			path = Parstagram;
			sourceTree = "<group>";
		};
		07EC6D0F2603EC3100950666 /* ParstagramTests */ = {
			isa = PBXGroup;
			children = (
				07EC6D102603EC3100950666 /* ParstagramTests.swift */,
				07EC6D122603EC3100950666 /* Info.plist */,
			);
			path = ParstagramTests;
			sourceTree = "<group>";
		};
		07EC6D1A2603EC3100950666 /* ParstagramUITests */ = {
			isa = PBXGroup;
			children = (
				07EC6D1B2603EC3100950666 /* ParstagramUITests.swift */,
				07EC6D1D2603EC3100950666 /* Info.plist */,
			);
			path = ParstagramUITests;
			sourceTree = "<group>";
		};
		68AB9C32D5219EE51C844E8B /* Pods */ = {
			isa = PBXGroup;
			children = (
				48DD1763AD9D2C3F7ED4F910 /* Pods-Parstagram.debug.xcconfig */,
				3CA6C994412B725F1C5E0333 /* Pods-Parstagram.release.xcconfig */,
				65D6507BB1BC60893DBE31B5 /* Pods-Parstagram-ParstagramUITests.debug.xcconfig */,
				AF7CE701A27465C84803401B /* Pods-Parstagram-ParstagramUITests.release.xcconfig */,
				9BA98F00139AFFCB50D828BC /* Pods-ParstagramTests.debug.xcconfig */,
				F25B8BA5335825211B4F57DB /* Pods-ParstagramTests.release.xcconfig */,
			);
			path = Pods;
			sourceTree = "<group>";
		};
		6E6029088181636BEC4C55CB /* Frameworks */ = {
			isa = PBXGroup;
			children = (
				7A2AD51320742E1212A743DA /* Pods_Parstagram.framework */,
				6FA6EA75CC9E5E685BEFC701 /* Pods_Parstagram_ParstagramUITests.framework */,
				6996E320D66D06C19BF320E8 /* Pods_ParstagramTests.framework */,
			);
			name = Frameworks;
			sourceTree = "<group>";
		};
/* End PBXGroup section */

/* Begin PBXNativeTarget section */
		07EC6CF52603EC2F00950666 /* Parstagram */ = {
			isa = PBXNativeTarget;
			buildConfigurationList = 07EC6D202603EC3100950666 /* Build configuration list for PBXNativeTarget "Parstagram" */;
			buildPhases = (
				6A9704F878602F5038ECCE39 /* [CP] Check Pods Manifest.lock */,
				07EC6CF22603EC2F00950666 /* Sources */,
				07EC6CF32603EC2F00950666 /* Frameworks */,
				07EC6CF42603EC2F00950666 /* Resources */,
				42C111F13AD3F6093AA72627 /* [CP] Embed Pods Frameworks */,
			);
			buildRules = (
			);
			dependencies = (
			);
			name = Parstagram;
			productName = Parstagram;
			productReference = 07EC6CF62603EC2F00950666 /* Parstagram.app */;
			productType = "com.apple.product-type.application";
		};
		07EC6D0B2603EC3100950666 /* ParstagramTests */ = {
			isa = PBXNativeTarget;
			buildConfigurationList = 07EC6D232603EC3100950666 /* Build configuration list for PBXNativeTarget "ParstagramTests" */;
			buildPhases = (
				885B60D328E29B72BD57FCA5 /* [CP] Check Pods Manifest.lock */,
				07EC6D082603EC3100950666 /* Sources */,
				07EC6D092603EC3100950666 /* Frameworks */,
				07EC6D0A2603EC3100950666 /* Resources */,
			);
			buildRules = (
			);
			dependencies = (
				07EC6D0E2603EC3100950666 /* PBXTargetDependency */,
			);
			name = ParstagramTests;
			productName = ParstagramTests;
			productReference = 07EC6D0C2603EC3100950666 /* ParstagramTests.xctest */;
			productType = "com.apple.product-type.bundle.unit-test";
		};
		07EC6D162603EC3100950666 /* ParstagramUITests */ = {
			isa = PBXNativeTarget;
			buildConfigurationList = 07EC6D262603EC3100950666 /* Build configuration list for PBXNativeTarget "ParstagramUITests" */;
			buildPhases = (
				2995B05089C4E0B2EF79AE8A /* [CP] Check Pods Manifest.lock */,
				07EC6D132603EC3100950666 /* Sources */,
				07EC6D142603EC3100950666 /* Frameworks */,
				07EC6D152603EC3100950666 /* Resources */,
				458A5528E278131ADEEAB45A /* [CP] Embed Pods Frameworks */,
			);
			buildRules = (
			);
			dependencies = (
				07EC6D192603EC3100950666 /* PBXTargetDependency */,
			);
			name = ParstagramUITests;
			productName = ParstagramUITests;
			productReference = 07EC6D172603EC3100950666 /* ParstagramUITests.xctest */;
			productType = "com.apple.product-type.bundle.ui-testing";
		};
/* End PBXNativeTarget section */

/* Begin PBXProject section */
		07EC6CEE2603EC2F00950666 /* Project object */ = {
			isa = PBXProject;
			attributes = {
				LastSwiftUpdateCheck = 1240;
				LastUpgradeCheck = 1240;
				TargetAttributes = {
					07EC6CF52603EC2F00950666 = {
						CreatedOnToolsVersion = 12.4;
					};
					07EC6D0B2603EC3100950666 = {
						CreatedOnToolsVersion = 12.4;
						TestTargetID = 07EC6CF52603EC2F00950666;
					};
					07EC6D162603EC3100950666 = {
						CreatedOnToolsVersion = 12.4;
						TestTargetID = 07EC6CF52603EC2F00950666;
					};
				};
			};
			buildConfigurationList = 07EC6CF12603EC2F00950666 /* Build configuration list for PBXProject "Parstagram" */;
			compatibilityVersion = "Xcode 9.3";
			developmentRegion = en;
			hasScannedForEncodings = 0;
			knownRegions = (
				en,
				Base,
			);
			mainGroup = 07EC6CED2603EC2F00950666;
			productRefGroup = 07EC6CF72603EC2F00950666 /* Products */;
			projectDirPath = "";
			projectRoot = "";
			targets = (
				07EC6CF52603EC2F00950666 /* Parstagram */,
				07EC6D0B2603EC3100950666 /* ParstagramTests */,
				07EC6D162603EC3100950666 /* ParstagramUITests */,
			);
		};
/* End PBXProject section */

/* Begin PBXResourcesBuildPhase section */
		07EC6CF42603EC2F00950666 /* Resources */ = {
			isa = PBXResourcesBuildPhase;
			buildActionMask = 2147483647;
			files = (
				07EC6D062603EC3000950666 /* LaunchScreen.storyboard in Resources */,
				07EC6D032603EC3000950666 /* Assets.xcassets in Resources */,
				07EC6D012603EC2F00950666 /* Main.storyboard in Resources */,
			);
			runOnlyForDeploymentPostprocessing = 0;
		};
		07EC6D0A2603EC3100950666 /* Resources */ = {
			isa = PBXResourcesBuildPhase;
			buildActionMask = 2147483647;
			files = (
			);
			runOnlyForDeploymentPostprocessing = 0;
		};
		07EC6D152603EC3100950666 /* Resources */ = {
			isa = PBXResourcesBuildPhase;
			buildActionMask = 2147483647;
			files = (
			);
			runOnlyForDeploymentPostprocessing = 0;
		};
/* End PBXResourcesBuildPhase section */

/* Begin PBXShellScriptBuildPhase section */
		2995B05089C4E0B2EF79AE8A /* [CP] Check Pods Manifest.lock */ = {
			isa = PBXShellScriptBuildPhase;
			buildActionMask = 2147483647;
			files = (
			);
			inputFileListPaths = (
			);
			inputPaths = (
				"${PODS_PODFILE_DIR_PATH}/Podfile.lock",
				"${PODS_ROOT}/Manifest.lock",
			);
			name = "[CP] Check Pods Manifest.lock";
			outputFileListPaths = (
			);
			outputPaths = (
				"$(DERIVED_FILE_DIR)/Pods-Parstagram-ParstagramUITests-checkManifestLockResult.txt",
			);
			runOnlyForDeploymentPostprocessing = 0;
			shellPath = /bin/sh;
			shellScript = "diff \"${PODS_PODFILE_DIR_PATH}/Podfile.lock\" \"${PODS_ROOT}/Manifest.lock\" > /dev/null\nif [ $? != 0 ] ; then\n    # print error to STDERR\n    echo \"error: The sandbox is not in sync with the Podfile.lock. Run 'pod install' or update your CocoaPods installation.\" >&2\n    exit 1\nfi\n# This output is used by Xcode 'outputs' to avoid re-running this script phase.\necho \"SUCCESS\" > \"${SCRIPT_OUTPUT_FILE_0}\"\n";
			showEnvVarsInLog = 0;
		};
		42C111F13AD3F6093AA72627 /* [CP] Embed Pods Frameworks */ = {
			isa = PBXShellScriptBuildPhase;
			buildActionMask = 2147483647;
			files = (
			);
			inputFileListPaths = (
				"${PODS_ROOT}/Target Support Files/Pods-Parstagram/Pods-Parstagram-frameworks-${CONFIGURATION}-input-files.xcfilelist",
			);
			name = "[CP] Embed Pods Frameworks";
			outputFileListPaths = (
				"${PODS_ROOT}/Target Support Files/Pods-Parstagram/Pods-Parstagram-frameworks-${CONFIGURATION}-output-files.xcfilelist",
			);
			runOnlyForDeploymentPostprocessing = 0;
			shellPath = /bin/sh;
			shellScript = "\"${PODS_ROOT}/Target Support Files/Pods-Parstagram/Pods-Parstagram-frameworks.sh\"\n";
			showEnvVarsInLog = 0;
		};
		458A5528E278131ADEEAB45A /* [CP] Embed Pods Frameworks */ = {
			isa = PBXShellScriptBuildPhase;
			buildActionMask = 2147483647;
			files = (
			);
			inputFileListPaths = (
				"${PODS_ROOT}/Target Support Files/Pods-Parstagram-ParstagramUITests/Pods-Parstagram-ParstagramUITests-frameworks-${CONFIGURATION}-input-files.xcfilelist",
			);
			name = "[CP] Embed Pods Frameworks";
			outputFileListPaths = (
				"${PODS_ROOT}/Target Support Files/Pods-Parstagram-ParstagramUITests/Pods-Parstagram-ParstagramUITests-frameworks-${CONFIGURATION}-output-files.xcfilelist",
			);
			runOnlyForDeploymentPostprocessing = 0;
			shellPath = /bin/sh;
			shellScript = "\"${PODS_ROOT}/Target Support Files/Pods-Parstagram-ParstagramUITests/Pods-Parstagram-ParstagramUITests-frameworks.sh\"\n";
			showEnvVarsInLog = 0;
		};
		6A9704F878602F5038ECCE39 /* [CP] Check Pods Manifest.lock */ = {
			isa = PBXShellScriptBuildPhase;
			buildActionMask = 2147483647;
			files = (
			);
			inputFileListPaths = (
			);
			inputPaths = (
				"${PODS_PODFILE_DIR_PATH}/Podfile.lock",
				"${PODS_ROOT}/Manifest.lock",
			);
			name = "[CP] Check Pods Manifest.lock";
			outputFileListPaths = (
			);
			outputPaths = (
				"$(DERIVED_FILE_DIR)/Pods-Parstagram-checkManifestLockResult.txt",
			);
			runOnlyForDeploymentPostprocessing = 0;
			shellPath = /bin/sh;
			shellScript = "diff \"${PODS_PODFILE_DIR_PATH}/Podfile.lock\" \"${PODS_ROOT}/Manifest.lock\" > /dev/null\nif [ $? != 0 ] ; then\n    # print error to STDERR\n    echo \"error: The sandbox is not in sync with the Podfile.lock. Run 'pod install' or update your CocoaPods installation.\" >&2\n    exit 1\nfi\n# This output is used by Xcode 'outputs' to avoid re-running this script phase.\necho \"SUCCESS\" > \"${SCRIPT_OUTPUT_FILE_0}\"\n";
			showEnvVarsInLog = 0;
		};
		885B60D328E29B72BD57FCA5 /* [CP] Check Pods Manifest.lock */ = {
			isa = PBXShellScriptBuildPhase;
			buildActionMask = 2147483647;
			files = (
			);
			inputFileListPaths = (
			);
			inputPaths = (
				"${PODS_PODFILE_DIR_PATH}/Podfile.lock",
				"${PODS_ROOT}/Manifest.lock",
			);
			name = "[CP] Check Pods Manifest.lock";
			outputFileListPaths = (
			);
			outputPaths = (
				"$(DERIVED_FILE_DIR)/Pods-ParstagramTests-checkManifestLockResult.txt",
			);
			runOnlyForDeploymentPostprocessing = 0;
			shellPath = /bin/sh;
			shellScript = "diff \"${PODS_PODFILE_DIR_PATH}/Podfile.lock\" \"${PODS_ROOT}/Manifest.lock\" > /dev/null\nif [ $? != 0 ] ; then\n    # print error to STDERR\n    echo \"error: The sandbox is not in sync with the Podfile.lock. Run 'pod install' or update your CocoaPods installation.\" >&2\n    exit 1\nfi\n# This output is used by Xcode 'outputs' to avoid re-running this script phase.\necho \"SUCCESS\" > \"${SCRIPT_OUTPUT_FILE_0}\"\n";
			showEnvVarsInLog = 0;
		};
/* End PBXShellScriptBuildPhase section */

/* Begin PBXSourcesBuildPhase section */
		07EC6CF22603EC2F00950666 /* Sources */ = {
			isa = PBXSourcesBuildPhase;
			buildActionMask = 2147483647;
			files = (
				07615BFD2604EC0800E05D6D /* LoginViewController.swift in Sources */,
				07631F1526051AA000F6AF08 /* CameraViewController.swift in Sources */,
				07EC6CFA2603EC2F00950666 /* AppDelegate.swift in Sources */,
				07615C022604EC2500E05D6D /* FeedViewController.swift in Sources */,
				07EC6CFC2603EC2F00950666 /* SceneDelegate.swift in Sources */,
				0760AEEB260668B5005773D1 /* PostCell.swift in Sources */,
				07B7F95D260BA11E0040C9E8 /* CommentCell.swift in Sources */,
			);
			runOnlyForDeploymentPostprocessing = 0;
		};
		07EC6D082603EC3100950666 /* Sources */ = {
			isa = PBXSourcesBuildPhase;
			buildActionMask = 2147483647;
			files = (
				07EC6D112603EC3100950666 /* ParstagramTests.swift in Sources */,
			);
			runOnlyForDeploymentPostprocessing = 0;
		};
		07EC6D132603EC3100950666 /* Sources */ = {
			isa = PBXSourcesBuildPhase;
			buildActionMask = 2147483647;
			files = (
				07EC6D1C2603EC3100950666 /* ParstagramUITests.swift in Sources */,
			);
			runOnlyForDeploymentPostprocessing = 0;
		};
/* End PBXSourcesBuildPhase section */

/* Begin PBXTargetDependency section */
		07EC6D0E2603EC3100950666 /* PBXTargetDependency */ = {
			isa = PBXTargetDependency;
			target = 07EC6CF52603EC2F00950666 /* Parstagram */;
			targetProxy = 07EC6D0D2603EC3100950666 /* PBXContainerItemProxy */;
		};
		07EC6D192603EC3100950666 /* PBXTargetDependency */ = {
			isa = PBXTargetDependency;
			target = 07EC6CF52603EC2F00950666 /* Parstagram */;
			targetProxy = 07EC6D182603EC3100950666 /* PBXContainerItemProxy */;
		};
/* End PBXTargetDependency section */

/* Begin PBXVariantGroup section */
		07EC6CFF2603EC2F00950666 /* Main.storyboard */ = {
			isa = PBXVariantGroup;
			children = (
				07EC6D002603EC2F00950666 /* Base */,
			);
			name = Main.storyboard;
			sourceTree = "<group>";
		};
		07EC6D042603EC3000950666 /* LaunchScreen.storyboard */ = {
			isa = PBXVariantGroup;
			children = (
				07EC6D052603EC3000950666 /* Base */,
			);
			name = LaunchScreen.storyboard;
			sourceTree = "<group>";
		};
/* End PBXVariantGroup section */

/* Begin XCBuildConfiguration section */
		07EC6D1E2603EC3100950666 /* Debug */ = {
			isa = XCBuildConfiguration;
			buildSettings = {
				ALWAYS_SEARCH_USER_PATHS = NO;
				CLANG_ANALYZER_NONNULL = YES;
				CLANG_ANALYZER_NUMBER_OBJECT_CONVERSION = YES_AGGRESSIVE;
				CLANG_CXX_LANGUAGE_STANDARD = "gnu++14";
				CLANG_CXX_LIBRARY = "libc++";
				CLANG_ENABLE_MODULES = YES;
				CLANG_ENABLE_OBJC_ARC = YES;
				CLANG_ENABLE_OBJC_WEAK = YES;
				CLANG_WARN_BLOCK_CAPTURE_AUTORELEASING = YES;
				CLANG_WARN_BOOL_CONVERSION = YES;
				CLANG_WARN_COMMA = YES;
				CLANG_WARN_CONSTANT_CONVERSION = YES;
				CLANG_WARN_DEPRECATED_OBJC_IMPLEMENTATIONS = YES;
				CLANG_WARN_DIRECT_OBJC_ISA_USAGE = YES_ERROR;
				CLANG_WARN_DOCUMENTATION_COMMENTS = YES;
				CLANG_WARN_EMPTY_BODY = YES;
				CLANG_WARN_ENUM_CONVERSION = YES;
				CLANG_WARN_INFINITE_RECURSION = YES;
				CLANG_WARN_INT_CONVERSION = YES;
				CLANG_WARN_NON_LITERAL_NULL_CONVERSION = YES;
				CLANG_WARN_OBJC_IMPLICIT_RETAIN_SELF = YES;
				CLANG_WARN_OBJC_LITERAL_CONVERSION = YES;
				CLANG_WARN_OBJC_ROOT_CLASS = YES_ERROR;
				CLANG_WARN_QUOTED_INCLUDE_IN_FRAMEWORK_HEADER = YES;
				CLANG_WARN_RANGE_LOOP_ANALYSIS = YES;
				CLANG_WARN_STRICT_PROTOTYPES = YES;
				CLANG_WARN_SUSPICIOUS_MOVE = YES;
				CLANG_WARN_UNGUARDED_AVAILABILITY = YES_AGGRESSIVE;
				CLANG_WARN_UNREACHABLE_CODE = YES;
				CLANG_WARN__DUPLICATE_METHOD_MATCH = YES;
				COPY_PHASE_STRIP = NO;
				DEBUG_INFORMATION_FORMAT = dwarf;
				ENABLE_STRICT_OBJC_MSGSEND = YES;
				ENABLE_TESTABILITY = YES;
				GCC_C_LANGUAGE_STANDARD = gnu11;
				GCC_DYNAMIC_NO_PIC = NO;
				GCC_NO_COMMON_BLOCKS = YES;
				GCC_OPTIMIZATION_LEVEL = 0;
				GCC_PREPROCESSOR_DEFINITIONS = (
					"DEBUG=1",
					"$(inherited)",
				);
				GCC_WARN_64_TO_32_BIT_CONVERSION = YES;
				GCC_WARN_ABOUT_RETURN_TYPE = YES_ERROR;
				GCC_WARN_UNDECLARED_SELECTOR = YES;
				GCC_WARN_UNINITIALIZED_AUTOS = YES_AGGRESSIVE;
				GCC_WARN_UNUSED_FUNCTION = YES;
				GCC_WARN_UNUSED_VARIABLE = YES;
				IPHONEOS_DEPLOYMENT_TARGET = 14.4;
				MTL_ENABLE_DEBUG_INFO = INCLUDE_SOURCE;
				MTL_FAST_MATH = YES;
				ONLY_ACTIVE_ARCH = YES;
				SDKROOT = iphoneos;
				SWIFT_ACTIVE_COMPILATION_CONDITIONS = DEBUG;
				SWIFT_OPTIMIZATION_LEVEL = "-Onone";
			};
			name = Debug;
		};
		07EC6D1F2603EC3100950666 /* Release */ = {
			isa = XCBuildConfiguration;
			buildSettings = {
				ALWAYS_SEARCH_USER_PATHS = NO;
				CLANG_ANALYZER_NONNULL = YES;
				CLANG_ANALYZER_NUMBER_OBJECT_CONVERSION = YES_AGGRESSIVE;
				CLANG_CXX_LANGUAGE_STANDARD = "gnu++14";
				CLANG_CXX_LIBRARY = "libc++";
				CLANG_ENABLE_MODULES = YES;
				CLANG_ENABLE_OBJC_ARC = YES;
				CLANG_ENABLE_OBJC_WEAK = YES;
				CLANG_WARN_BLOCK_CAPTURE_AUTORELEASING = YES;
				CLANG_WARN_BOOL_CONVERSION = YES;
				CLANG_WARN_COMMA = YES;
				CLANG_WARN_CONSTANT_CONVERSION = YES;
				CLANG_WARN_DEPRECATED_OBJC_IMPLEMENTATIONS = YES;
				CLANG_WARN_DIRECT_OBJC_ISA_USAGE = YES_ERROR;
				CLANG_WARN_DOCUMENTATION_COMMENTS = YES;
				CLANG_WARN_EMPTY_BODY = YES;
				CLANG_WARN_ENUM_CONVERSION = YES;
				CLANG_WARN_INFINITE_RECURSION = YES;
				CLANG_WARN_INT_CONVERSION = YES;
				CLANG_WARN_NON_LITERAL_NULL_CONVERSION = YES;
				CLANG_WARN_OBJC_IMPLICIT_RETAIN_SELF = YES;
				CLANG_WARN_OBJC_LITERAL_CONVERSION = YES;
				CLANG_WARN_OBJC_ROOT_CLASS = YES_ERROR;
				CLANG_WARN_QUOTED_INCLUDE_IN_FRAMEWORK_HEADER = YES;
				CLANG_WARN_RANGE_LOOP_ANALYSIS = YES;
				CLANG_WARN_STRICT_PROTOTYPES = YES;
				CLANG_WARN_SUSPICIOUS_MOVE = YES;
				CLANG_WARN_UNGUARDED_AVAILABILITY = YES_AGGRESSIVE;
				CLANG_WARN_UNREACHABLE_CODE = YES;
				CLANG_WARN__DUPLICATE_METHOD_MATCH = YES;
				COPY_PHASE_STRIP = NO;
				DEBUG_INFORMATION_FORMAT = "dwarf-with-dsym";
				ENABLE_NS_ASSERTIONS = NO;
				ENABLE_STRICT_OBJC_MSGSEND = YES;
				GCC_C_LANGUAGE_STANDARD = gnu11;
				GCC_NO_COMMON_BLOCKS = YES;
				GCC_WARN_64_TO_32_BIT_CONVERSION = YES;
				GCC_WARN_ABOUT_RETURN_TYPE = YES_ERROR;
				GCC_WARN_UNDECLARED_SELECTOR = YES;
				GCC_WARN_UNINITIALIZED_AUTOS = YES_AGGRESSIVE;
				GCC_WARN_UNUSED_FUNCTION = YES;
				GCC_WARN_UNUSED_VARIABLE = YES;
				IPHONEOS_DEPLOYMENT_TARGET = 14.4;
				MTL_ENABLE_DEBUG_INFO = NO;
				MTL_FAST_MATH = YES;
				SDKROOT = iphoneos;
				SWIFT_COMPILATION_MODE = wholemodule;
				SWIFT_OPTIMIZATION_LEVEL = "-O";
				VALIDATE_PRODUCT = YES;
			};
			name = Release;
		};
		07EC6D212603EC3100950666 /* Debug */ = {
			isa = XCBuildConfiguration;
			baseConfigurationReference = 48DD1763AD9D2C3F7ED4F910 /* Pods-Parstagram.debug.xcconfig */;
			buildSettings = {
				ASSETCATALOG_COMPILER_APPICON_NAME = AppIcon;
				ASSETCATALOG_COMPILER_GLOBAL_ACCENT_COLOR_NAME = AccentColor;
				CODE_SIGN_STYLE = Automatic;
				DEVELOPMENT_TEAM = ML57WS827W;
				INFOPLIST_FILE = Parstagram/Info.plist;
				LD_RUNPATH_SEARCH_PATHS = (
					"$(inherited)",
					"@executable_path/Frameworks",
				);
				PRODUCT_BUNDLE_IDENTIFIER = cross.Parstagram;
				PRODUCT_NAME = "$(TARGET_NAME)";
				SWIFT_VERSION = 5.0;
				TARGETED_DEVICE_FAMILY = "1,2";
			};
			name = Debug;
		};
		07EC6D222603EC3100950666 /* Release */ = {
			isa = XCBuildConfiguration;
			baseConfigurationReference = 3CA6C994412B725F1C5E0333 /* Pods-Parstagram.release.xcconfig */;
			buildSettings = {
				ASSETCATALOG_COMPILER_APPICON_NAME = AppIcon;
				ASSETCATALOG_COMPILER_GLOBAL_ACCENT_COLOR_NAME = AccentColor;
				CODE_SIGN_STYLE = Automatic;
				DEVELOPMENT_TEAM = ML57WS827W;
				INFOPLIST_FILE = Parstagram/Info.plist;
				LD_RUNPATH_SEARCH_PATHS = (
					"$(inherited)",
					"@executable_path/Frameworks",
				);
				PRODUCT_BUNDLE_IDENTIFIER = cross.Parstagram;
				PRODUCT_NAME = "$(TARGET_NAME)";
				SWIFT_VERSION = 5.0;
				TARGETED_DEVICE_FAMILY = "1,2";
			};
			name = Release;
		};
		07EC6D242603EC3100950666 /* Debug */ = {
			isa = XCBuildConfiguration;
			baseConfigurationReference = 9BA98F00139AFFCB50D828BC /* Pods-ParstagramTests.debug.xcconfig */;
			buildSettings = {
				ALWAYS_EMBED_SWIFT_STANDARD_LIBRARIES = YES;
				BUNDLE_LOADER = "$(TEST_HOST)";
				CODE_SIGN_STYLE = Automatic;
				DEVELOPMENT_TEAM = ML57WS827W;
				INFOPLIST_FILE = ParstagramTests/Info.plist;
				IPHONEOS_DEPLOYMENT_TARGET = 14.4;
				LD_RUNPATH_SEARCH_PATHS = (
					"$(inherited)",
					"@executable_path/Frameworks",
					"@loader_path/Frameworks",
				);
				PRODUCT_BUNDLE_IDENTIFIER = cross.ParstagramTests;
				PRODUCT_NAME = "$(TARGET_NAME)";
				SWIFT_VERSION = 5.0;
				TARGETED_DEVICE_FAMILY = "1,2";
				TEST_HOST = "$(BUILT_PRODUCTS_DIR)/Parstagram.app/Parstagram";
			};
			name = Debug;
		};
		07EC6D252603EC3100950666 /* Release */ = {
			isa = XCBuildConfiguration;
			baseConfigurationReference = F25B8BA5335825211B4F57DB /* Pods-ParstagramTests.release.xcconfig */;
			buildSettings = {
				ALWAYS_EMBED_SWIFT_STANDARD_LIBRARIES = YES;
				BUNDLE_LOADER = "$(TEST_HOST)";
				CODE_SIGN_STYLE = Automatic;
				DEVELOPMENT_TEAM = ML57WS827W;
				INFOPLIST_FILE = ParstagramTests/Info.plist;
				IPHONEOS_DEPLOYMENT_TARGET = 14.4;
				LD_RUNPATH_SEARCH_PATHS = (
					"$(inherited)",
					"@executable_path/Frameworks",
					"@loader_path/Frameworks",
				);
				PRODUCT_BUNDLE_IDENTIFIER = cross.ParstagramTests;
				PRODUCT_NAME = "$(TARGET_NAME)";
				SWIFT_VERSION = 5.0;
				TARGETED_DEVICE_FAMILY = "1,2";
				TEST_HOST = "$(BUILT_PRODUCTS_DIR)/Parstagram.app/Parstagram";
			};
			name = Release;
		};
		07EC6D272603EC3100950666 /* Debug */ = {
			isa = XCBuildConfiguration;
			baseConfigurationReference = 65D6507BB1BC60893DBE31B5 /* Pods-Parstagram-ParstagramUITests.debug.xcconfig */;
			buildSettings = {
				ALWAYS_EMBED_SWIFT_STANDARD_LIBRARIES = YES;
				CODE_SIGN_STYLE = Automatic;
				DEVELOPMENT_TEAM = ML57WS827W;
				INFOPLIST_FILE = ParstagramUITests/Info.plist;
				LD_RUNPATH_SEARCH_PATHS = (
					"$(inherited)",
					"@executable_path/Frameworks",
					"@loader_path/Frameworks",
				);
				PRODUCT_BUNDLE_IDENTIFIER = cross.ParstagramUITests;
				PRODUCT_NAME = "$(TARGET_NAME)";
				SWIFT_VERSION = 5.0;
				TARGETED_DEVICE_FAMILY = "1,2";
				TEST_TARGET_NAME = Parstagram;
			};
			name = Debug;
		};
		07EC6D282603EC3100950666 /* Release */ = {
			isa = XCBuildConfiguration;
			baseConfigurationReference = AF7CE701A27465C84803401B /* Pods-Parstagram-ParstagramUITests.release.xcconfig */;
			buildSettings = {
				ALWAYS_EMBED_SWIFT_STANDARD_LIBRARIES = YES;
				CODE_SIGN_STYLE = Automatic;
				DEVELOPMENT_TEAM = ML57WS827W;
				INFOPLIST_FILE = ParstagramUITests/Info.plist;
				LD_RUNPATH_SEARCH_PATHS = (
					"$(inherited)",
					"@executable_path/Frameworks",
					"@loader_path/Frameworks",
				);
				PRODUCT_BUNDLE_IDENTIFIER = cross.ParstagramUITests;
				PRODUCT_NAME = "$(TARGET_NAME)";
				SWIFT_VERSION = 5.0;
				TARGETED_DEVICE_FAMILY = "1,2";
				TEST_TARGET_NAME = Parstagram;
			};
			name = Release;
		};
/* End XCBuildConfiguration section */

/* Begin XCConfigurationList section */
		07EC6CF12603EC2F00950666 /* Build configuration list for PBXProject "Parstagram" */ = {
			isa = XCConfigurationList;
			buildConfigurations = (
				07EC6D1E2603EC3100950666 /* Debug */,
				07EC6D1F2603EC3100950666 /* Release */,
			);
			defaultConfigurationIsVisible = 0;
			defaultConfigurationName = Release;
		};
		07EC6D202603EC3100950666 /* Build configuration list for PBXNativeTarget "Parstagram" */ = {
			isa = XCConfigurationList;
			buildConfigurations = (
				07EC6D212603EC3100950666 /* Debug */,
				07EC6D222603EC3100950666 /* Release */,
			);
			defaultConfigurationIsVisible = 0;
			defaultConfigurationName = Release;
		};
		07EC6D232603EC3100950666 /* Build configuration list for PBXNativeTarget "ParstagramTests" */ = {
			isa = XCConfigurationList;
			buildConfigurations = (
				07EC6D242603EC3100950666 /* Debug */,
				07EC6D252603EC3100950666 /* Release */,
			);
			defaultConfigurationIsVisible = 0;
			defaultConfigurationName = Release;
		};
		07EC6D262603EC3100950666 /* Build configuration list for PBXNativeTarget "ParstagramUITests" */ = {
			isa = XCConfigurationList;
			buildConfigurations = (
				07EC6D272603EC3100950666 /* Debug */,
				07EC6D282603EC3100950666 /* Release */,
			);
			defaultConfigurationIsVisible = 0;
			defaultConfigurationName = Release;
		};
/* End XCConfigurationList section */
	};
	rootObject = 07EC6CEE2603EC2F00950666 /* Project object */;
}
