// !$*UTF8*$!
{
	archiveVersion = 1;
	classes = {
	};
	objectVersion = 50;
	objects = {

/* Begin PBXBuildFile section */
		07615BFD2604EC0800E05D6D /* LoginViewController.swift in Sources */ = {isa = PBXBuildFile; fileRef = 07615BFC2604EC0800E05D6D /* LoginViewController.swift */; };
		07615C022604EC2500E05D6D /* FeedViewController.swift in Sources */ = {isa = PBXBuildFile; fileRef = 07615C012604EC2500E05D6D /* FeedViewController.swift */; };
		07EC6CFA2603EC2F00950666 /* AppDelegate.swift in Sources */ = {isa = PBXBuildFile; fileRef = 07EC6CF92603EC2F00950666 /* AppDelegate.swift */; };
		07EC6CFC2603EC2F00950666 /* SceneDelegate.swift in Sources */ = {isa = PBXBuildFile; fileRef = 07EC6CFB2603EC2F00950666 /* SceneDelegate.swift */; };
		07EC6D012603EC2F00950666 /* Main.storyboard in Resources */ = {isa = PBXBuildFile; fileRef = 07EC6CFF2603EC2F00950666 /* Main.storyboard */; };
		07EC6D032603EC3000950666 /* Assets.xcassets in Resources */ = {isa = PBXBuildFile; fileRef = 07EC6D022603EC3000950666 /* Assets.xcassets */; };
		07EC6D062603EC3000950666 /* LaunchScreen.storyboard in Resources */ = {isa = PBXBuildFile; fileRef = 07EC6D042603EC3000950666 /* LaunchScreen.storyboard */; };
		07EC6D112603EC3100950666 /* ParstagramTests.swift in Sources */ = {isa = PBXBuildFile; fileRef = 07EC6D102603EC3100950666 /* ParstagramTests.swift */; };
		07EC6D1C2603EC3100950666 /* ParstagramUITests.swift in Sources */ = {isa = PBXBuildFile; fileRef = 07EC6D1B2603EC3100950666 /* ParstagramUITests.swift */; };
/* End PBXBuildFile section */

/* Begin PBXContainerItemProxy section */
		07EC6D0D2603EC3100950666 /* PBXContainerItemProxy */ = {
			isa = PBXContainerItemProxy;
			containerPortal = 07EC6CEE2603EC2F00950666 /* Project object */;
			proxyType = 1;
			remoteGlobalIDString = 07EC6CF52603EC2F00950666;
			remoteInfo = Parstagram;
		};
		07EC6D182603EC3100950666 /* PBXContainerItemProxy */ = {
			isa = PBXContainerItemProxy;
			containerPortal = 07EC6CEE2603EC2F00950666 /* Project object */;
			proxyType = 1;
			remoteGlobalIDString = 07EC6CF52603EC2F00950666;
			remoteInfo = Parstagram;
		};
/* End PBXContainerItemProxy section */

/* Begin PBXFileReference section */
		07615BFC2604EC0800E05D6D /* LoginViewController.swift */ = {isa = PBXFileReference; lastKnownFileType = sourcecode.swift; path = LoginViewController.swift; sourceTree = "<group>"; };
		07615C012604EC2500E05D6D /* FeedViewController.swift */ = {isa = PBXFileReference; lastKnownFileType = sourcecode.swift; path = FeedViewController.swift; sourceTree = "<group>"; };
		07EC6CF62603EC2F00950666 /* Parstagram.app */ = {isa = PBXFileReference; explicitFileType = wrapper.application; includeInIndex = 0; path = Parstagram.app; sourceTree = BUILT_PRODUCTS_DIR; };
		07EC6CF92603EC2F00950666 /* AppDelegate.swift */ = {isa = PBXFileReference; lastKnownFileType = sourcecode.swift; path = AppDelegate.swift; sourceTree = "<group>"; };
		07EC6CFB2603EC2F00950666 /* SceneDelegate.swift */ = {isa = PBXFileReference; lastKnownFileType = sourcecode.swift; path = SceneDelegate.swift; sourceTree = "<group>"; };
		07EC6D002603EC2F00950666 /* Base */ = {isa = PBXFileReference; lastKnownFileType = file.storyboard; name = Base; path = Base.lproj/Main.storyboard; sourceTree = "<group>"; };
		07EC6D022603EC3000950666 /* Assets.xcassets */ = {isa = PBXFileReference; lastKnownFileType = folder.assetcatalog; path = Assets.xcassets; sourceTree = "<group>"; };
		07EC6D052603EC3000950666 /* Base */ = {isa = PBXFileReference; lastKnownFileType = file.storyboard; name = Base; path = Base.lproj/LaunchScreen.storyboard; sourceTree = "<group>"; };
		07EC6D072603EC3000950666 /* Info.plist */ = {isa = PBXFileReference; lastKnownFileType = text.plist.xml; path = Info.plist; sourceTree = "<group>"; };
		07EC6D0C2603EC3100950666 /* ParstagramTests.xctest */ = {isa = PBXFileReference; explicitFileType = wrapper.cfbundle; includeInIndex = 0; path = ParstagramTests.xctest; sourceTree = BUILT_PRODUCTS_DIR; };
		07EC6D102603EC3100950666 /* ParstagramTests.swift */ = {isa = PBXFileReference; lastKnownFileType = sourcecode.swift; path = ParstagramTests.swift; sourceTree = "<group>"; };
		07EC6D122603EC3100950666 /* Info.plist */ = {isa = PBXFileReference; lastKnownFileType = text.plist.xml; path = Info.plist; sourceTree = "<group>"; };
		07EC6D172603EC3100950666 /* ParstagramUITests.xctest */ = {isa = PBXFileReference; explicitFileType = wrapper.cfbundle; includeInIndex = 0; path = ParstagramUITests.xctest; sourceTree = BUILT_PRODUCTS_DIR; };
		07EC6D1B2603EC3100950666 /* ParstagramUITests.swift */ = {isa = PBXFileReference; lastKnownFileType = sourcecode.swift; path = ParstagramUITests.swift; sourceTree = "<group>"; };
		07EC6D1D2603EC3100950666 /* Info.plist */ = {isa = PBXFileReference; lastKnownFileType = text.plist.xml; path = Info.plist; sourceTree = "<group>"; };
/* End PBXFileReference section */

/* Begin PBXFrameworksBuildPhase section */
		07EC6CF32603EC2F00950666 /* Frameworks */ = {
			isa = PBXFrameworksBuildPhase;
			buildActionMask = 2147483647;
			files = (
			);
			runOnlyForDeploymentPostprocessing = 0;
		};
		07EC6D092603EC3100950666 /* Frameworks */ = {
			isa = PBXFrameworksBuildPhase;
			buildActionMask = 2147483647;
			files = (
			);
			runOnlyForDeploymentPostprocessing = 0;
		};
		07EC6D142603EC3100950666 /* Frameworks */ = {
			isa = PBXFrameworksBuildPhase;
			buildActionMask = 2147483647;
			files = (
			);
			runOnlyForDeploymentPostprocessing = 0;
		};
/* End PBXFrameworksBuildPhase section */

/* Begin PBXGroup section */
		07EC6CED2603EC2F00950666 = {
			isa = PBXGroup;
			children = (
				07EC6CF82603EC2F00950666 /* Parstagram */,
				07EC6D0F2603EC3100950666 /* ParstagramTests */,
				07EC6D1A2603EC3100950666 /* ParstagramUITests */,
				07EC6CF72603EC2F00950666 /* Products */,
			);
			sourceTree = "<group>";
		};
		07EC6CF72603EC2F00950666 /* Products */ = {
			isa = PBXGroup;
			children = (
				07EC6CF62603EC2F00950666 /* Parstagram.app */,
				07EC6D0C2603EC3100950666 /* ParstagramTests.xctest */,
				07EC6D172603EC3100950666 /* ParstagramUITests.xctest */,
			);
			name = Products;
			sourceTree = "<group>";
		};
		07EC6CF82603EC2F00950666 /* Parstagram */ = {
			isa = PBXGroup;
			children = (
				07EC6CF92603EC2F00950666 /* AppDelegate.swift */,
				07EC6CFB2603EC2F00950666 /* SceneDelegate.swift */,
				07EC6CFF2603EC2F00950666 /* Main.storyboard */,
				07EC6D022603EC3000950666 /* Assets.xcassets */,
				07EC6D042603EC3000950666 /* LaunchScreen.storyboard */,
				07EC6D072603EC3000950666 /* Info.plist */,
				07615BFC2604EC0800E05D6D /* LoginViewController.swift */,
				07615C012604EC2500E05D6D /* FeedViewController.swift */,
			);
			path = Parstagram;
			sourceTree = "<group>";
		};
		07EC6D0F2603EC3100950666 /* ParstagramTests */ = {
			isa = PBXGroup;
			children = (
				07EC6D102603EC3100950666 /* ParstagramTests.swift */,
				07EC6D122603EC3100950666 /* Info.plist */,
			);
			path = ParstagramTests;
			sourceTree = "<group>";
		};
		07EC6D1A2603EC3100950666 /* ParstagramUITests */ = {
			isa = PBXGroup;
			children = (
				07EC6D1B2603EC3100950666 /* ParstagramUITests.swift */,
				07EC6D1D2603EC3100950666 /* Info.plist */,
			);
			path = ParstagramUITests;
			sourceTree = "<group>";
		};
/* End PBXGroup section */

/* Begin PBXNativeTarget section */
		07EC6CF52603EC2F00950666 /* Parstagram */ = {
			isa = PBXNativeTarget;
			buildConfigurationList = 07EC6D202603EC3100950666 /* Build configuration list for PBXNativeTarget "Parstagram" */;
			buildPhases = (
				07EC6CF22603EC2F00950666 /* Sources */,
				07EC6CF32603EC2F00950666 /* Frameworks */,
				07EC6CF42603EC2F00950666 /* Resources */,
			);
			buildRules = (
			);
			dependencies = (
			);
			name = Parstagram;
			productName = Parstagram;
			productReference = 07EC6CF62603EC2F00950666 /* Parstagram.app */;
			productType = "com.apple.product-type.application";
		};
		07EC6D0B2603EC3100950666 /* ParstagramTests */ = {
			isa = PBXNativeTarget;
			buildConfigurationList = 07EC6D232603EC3100950666 /* Build configuration list for PBXNativeTarget "ParstagramTests" */;
			buildPhases = (
				07EC6D082603EC3100950666 /* Sources */,
				07EC6D092603EC3100950666 /* Frameworks */,
				07EC6D0A2603EC3100950666 /* Resources */,
			);
			buildRules = (
			);
			dependencies = (
				07EC6D0E2603EC3100950666 /* PBXTargetDependency */,
			);
			name = ParstagramTests;
			productName = ParstagramTests;
			productReference = 07EC6D0C2603EC3100950666 /* ParstagramTests.xctest */;
			productType = "com.apple.product-type.bundle.unit-test";
		};
		07EC6D162603EC3100950666 /* ParstagramUITests */ = {
			isa = PBXNativeTarget;
			buildConfigurationList = 07EC6D262603EC3100950666 /* Build configuration list for PBXNativeTarget "ParstagramUITests" */;
			buildPhases = (
				07EC6D132603EC3100950666 /* Sources */,
				07EC6D142603EC3100950666 /* Frameworks */,
				07EC6D152603EC3100950666 /* Resources */,
			);
			buildRules = (
			);
			dependencies = (
				07EC6D192603EC3100950666 /* PBXTargetDependency */,
			);
			name = ParstagramUITests;
			productName = ParstagramUITests;
			productReference = 07EC6D172603EC3100950666 /* ParstagramUITests.xctest */;
			productType = "com.apple.product-type.bundle.ui-testing";
		};
/* End PBXNativeTarget section */

/* Begin PBXProject section */
		07EC6CEE2603EC2F00950666 /* Project object */ = {
			isa = PBXProject;
			attributes = {
				LastSwiftUpdateCheck = 1240;
				LastUpgradeCheck = 1240;
				TargetAttributes = {
					07EC6CF52603EC2F00950666 = {
						CreatedOnToolsVersion = 12.4;
					};
					07EC6D0B2603EC3100950666 = {
						CreatedOnToolsVersion = 12.4;
						TestTargetID = 07EC6CF52603EC2F00950666;
					};
					07EC6D162603EC3100950666 = {
						CreatedOnToolsVersion = 12.4;
						TestTargetID = 07EC6CF52603EC2F00950666;
					};
				};
			};
			buildConfigurationList = 07EC6CF12603EC2F00950666 /* Build configuration list for PBXProject "Parstagram" */;
			compatibilityVersion = "Xcode 9.3";
			developmentRegion = en;
			hasScannedForEncodings = 0;
			knownRegions = (
				en,
				Base,
			);
			mainGroup = 07EC6CED2603EC2F00950666;
			productRefGroup = 07EC6CF72603EC2F00950666 /* Products */;
			projectDirPath = "";
			projectRoot = "";
			targets = (
				07EC6CF52603EC2F00950666 /* Parstagram */,
				07EC6D0B2603EC3100950666 /* ParstagramTests */,
				07EC6D162603EC3100950666 /* ParstagramUITests */,
			);
		};
/* End PBXProject section */

/* Begin PBXResourcesBuildPhase section */
		07EC6CF42603EC2F00950666 /* Resources */ = {
			isa = PBXResourcesBuildPhase;
			buildActionMask = 2147483647;
			files = (
				07EC6D062603EC3000950666 /* LaunchScreen.storyboard in Resources */,
				07EC6D032603EC3000950666 /* Assets.xcassets in Resources */,
				07EC6D012603EC2F00950666 /* Main.storyboard in Resources */,
			);
			runOnlyForDeploymentPostprocessing = 0;
		};
		07EC6D0A2603EC3100950666 /* Resources */ = {
			isa = PBXResourcesBuildPhase;
			buildActionMask = 2147483647;
			files = (
			);
			runOnlyForDeploymentPostprocessing = 0;
		};
		07EC6D152603EC3100950666 /* Resources */ = {
			isa = PBXResourcesBuildPhase;
			buildActionMask = 2147483647;
			files = (
			);
			runOnlyForDeploymentPostprocessing = 0;
		};
/* End PBXResourcesBuildPhase section */

/* Begin PBXSourcesBuildPhase section */
		07EC6CF22603EC2F00950666 /* Sources */ = {
			isa = PBXSourcesBuildPhase;
			buildActionMask = 2147483647;
			files = (
				07615BFD2604EC0800E05D6D /* LoginViewController.swift in Sources */,
				07EC6CFA2603EC2F00950666 /* AppDelegate.swift in Sources */,
				07615C022604EC2500E05D6D /* FeedViewController.swift in Sources */,
				07EC6CFC2603EC2F00950666 /* SceneDelegate.swift in Sources */,
			);
			runOnlyForDeploymentPostprocessing = 0;
		};
		07EC6D082603EC3100950666 /* Sources */ = {
			isa = PBXSourcesBuildPhase;
			buildActionMask = 2147483647;
			files = (
				07EC6D112603EC3100950666 /* ParstagramTests.swift in Sources */,
			);
			runOnlyForDeploymentPostprocessing = 0;
		};
		07EC6D132603EC3100950666 /* Sources */ = {
			isa = PBXSourcesBuildPhase;
			buildActionMask = 2147483647;
			files = (
				07EC6D1C2603EC3100950666 /* ParstagramUITests.swift in Sources */,
			);
			runOnlyForDeploymentPostprocessing = 0;
		};
/* End PBXSourcesBuildPhase section */

/* Begin PBXTargetDependency section */
		07EC6D0E2603EC3100950666 /* PBXTargetDependency */ = {
			isa = PBXTargetDependency;
			target = 07EC6CF52603EC2F00950666 /* Parstagram */;
			targetProxy = 07EC6D0D2603EC3100950666 /* PBXContainerItemProxy */;
		};
		07EC6D192603EC3100950666 /* PBXTargetDependency */ = {
			isa = PBXTargetDependency;
			target = 07EC6CF52603EC2F00950666 /* Parstagram */;
			targetProxy = 07EC6D182603EC3100950666 /* PBXContainerItemProxy */;
		};
/* End PBXTargetDependency section */

/* Begin PBXVariantGroup section */
		07EC6CFF2603EC2F00950666 /* Main.storyboard */ = {
			isa = PBXVariantGroup;
			children = (
				07EC6D002603EC2F00950666 /* Base */,
			);
			name = Main.storyboard;
			sourceTree = "<group>";
		};
		07EC6D042603EC3000950666 /* LaunchScreen.storyboard */ = {
			isa = PBXVariantGroup;
			children = (
				07EC6D052603EC3000950666 /* Base */,
			);
			name = LaunchScreen.storyboard;
			sourceTree = "<group>";
		};
/* End PBXVariantGroup section */

/* Begin XCBuildConfiguration section */
		07EC6D1E2603EC3100950666 /* Debug */ = {
			isa = XCBuildConfiguration;
			buildSettings = {
				ALWAYS_SEARCH_USER_PATHS = NO;
				CLANG_ANALYZER_NONNULL = YES;
				CLANG_ANALYZER_NUMBER_OBJECT_CONVERSION = YES_AGGRESSIVE;
				CLANG_CXX_LANGUAGE_STANDARD = "gnu++14";
				CLANG_CXX_LIBRARY = "libc++";
				CLANG_ENABLE_MODULES = YES;
				CLANG_ENABLE_OBJC_ARC = YES;
				CLANG_ENABLE_OBJC_WEAK = YES;
				CLANG_WARN_BLOCK_CAPTURE_AUTORELEASING = YES;
				CLANG_WARN_BOOL_CONVERSION = YES;
				CLANG_WARN_COMMA = YES;
				CLANG_WARN_CONSTANT_CONVERSION = YES;
				CLANG_WARN_DEPRECATED_OBJC_IMPLEMENTATIONS = YES;
				CLANG_WARN_DIRECT_OBJC_ISA_USAGE = YES_ERROR;
				CLANG_WARN_DOCUMENTATION_COMMENTS = YES;
				CLANG_WARN_EMPTY_BODY = YES;
				CLANG_WARN_ENUM_CONVERSION = YES;
				CLANG_WARN_INFINITE_RECURSION = YES;
				CLANG_WARN_INT_CONVERSION = YES;
				CLANG_WARN_NON_LITERAL_NULL_CONVERSION = YES;
				CLANG_WARN_OBJC_IMPLICIT_RETAIN_SELF = YES;
				CLANG_WARN_OBJC_LITERAL_CONVERSION = YES;
				CLANG_WARN_OBJC_ROOT_CLASS = YES_ERROR;
				CLANG_WARN_QUOTED_INCLUDE_IN_FRAMEWORK_HEADER = YES;
				CLANG_WARN_RANGE_LOOP_ANALYSIS = YES;
				CLANG_WARN_STRICT_PROTOTYPES = YES;
				CLANG_WARN_SUSPICIOUS_MOVE = YES;
				CLANG_WARN_UNGUARDED_AVAILABILITY = YES_AGGRESSIVE;
				CLANG_WARN_UNREACHABLE_CODE = YES;
				CLANG_WARN__DUPLICATE_METHOD_MATCH = YES;
				COPY_PHASE_STRIP = NO;
				DEBUG_INFORMATION_FORMAT = dwarf;
				ENABLE_STRICT_OBJC_MSGSEND = YES;
				ENABLE_TESTABILITY = YES;
				GCC_C_LANGUAGE_STANDARD = gnu11;
				GCC_DYNAMIC_NO_PIC = NO;
				GCC_NO_COMMON_BLOCKS = YES;
				GCC_OPTIMIZATION_LEVEL = 0;
				GCC_PREPROCESSOR_DEFINITIONS = (
					"DEBUG=1",
					"$(inherited)",
				);
				GCC_WARN_64_TO_32_BIT_CONVERSION = YES;
				GCC_WARN_ABOUT_RETURN_TYPE = YES_ERROR;
				GCC_WARN_UNDECLARED_SELECTOR = YES;
				GCC_WARN_UNINITIALIZED_AUTOS = YES_AGGRESSIVE;
				GCC_WARN_UNUSED_FUNCTION = YES;
				GCC_WARN_UNUSED_VARIABLE = YES;
				IPHONEOS_DEPLOYMENT_TARGET = 14.4;
				MTL_ENABLE_DEBUG_INFO = INCLUDE_SOURCE;
				MTL_FAST_MATH = YES;
				ONLY_ACTIVE_ARCH = YES;
				SDKROOT = iphoneos;
				SWIFT_ACTIVE_COMPILATION_CONDITIONS = DEBUG;
				SWIFT_OPTIMIZATION_LEVEL = "-Onone";
			};
			name = Debug;
		};
		07EC6D1F2603EC3100950666 /* Release */ = {
			isa = XCBuildConfiguration;
			buildSettings = {
				ALWAYS_SEARCH_USER_PATHS = NO;
				CLANG_ANALYZER_NONNULL = YES;
				CLANG_ANALYZER_NUMBER_OBJECT_CONVERSION = YES_AGGRESSIVE;
				CLANG_CXX_LANGUAGE_STANDARD = "gnu++14";
				CLANG_CXX_LIBRARY = "libc++";
				CLANG_ENABLE_MODULES = YES;
				CLANG_ENABLE_OBJC_ARC = YES;
				CLANG_ENABLE_OBJC_WEAK = YES;
				CLANG_WARN_BLOCK_CAPTURE_AUTORELEASING = YES;
				CLANG_WARN_BOOL_CONVERSION = YES;
				CLANG_WARN_COMMA = YES;
				CLANG_WARN_CONSTANT_CONVERSION = YES;
				CLANG_WARN_DEPRECATED_OBJC_IMPLEMENTATIONS = YES;
				CLANG_WARN_DIRECT_OBJC_ISA_USAGE = YES_ERROR;
				CLANG_WARN_DOCUMENTATION_COMMENTS = YES;
				CLANG_WARN_EMPTY_BODY = YES;
				CLANG_WARN_ENUM_CONVERSION = YES;
				CLANG_WARN_INFINITE_RECURSION = YES;
				CLANG_WARN_INT_CONVERSION = YES;
				CLANG_WARN_NON_LITERAL_NULL_CONVERSION = YES;
				CLANG_WARN_OBJC_IMPLICIT_RETAIN_SELF = YES;
				CLANG_WARN_OBJC_LITERAL_CONVERSION = YES;
				CLANG_WARN_OBJC_ROOT_CLASS = YES_ERROR;
				CLANG_WARN_QUOTED_INCLUDE_IN_FRAMEWORK_HEADER = YES;
				CLANG_WARN_RANGE_LOOP_ANALYSIS = YES;
				CLANG_WARN_STRICT_PROTOTYPES = YES;
				CLANG_WARN_SUSPICIOUS_MOVE = YES;
				CLANG_WARN_UNGUARDED_AVAILABILITY = YES_AGGRESSIVE;
				CLANG_WARN_UNREACHABLE_CODE = YES;
				CLANG_WARN__DUPLICATE_METHOD_MATCH = YES;
				COPY_PHASE_STRIP = NO;
				DEBUG_INFORMATION_FORMAT = "dwarf-with-dsym";
				ENABLE_NS_ASSERTIONS = NO;
				ENABLE_STRICT_OBJC_MSGSEND = YES;
				GCC_C_LANGUAGE_STANDARD = gnu11;
				GCC_NO_COMMON_BLOCKS = YES;
				GCC_WARN_64_TO_32_BIT_CONVERSION = YES;
				GCC_WARN_ABOUT_RETURN_TYPE = YES_ERROR;
				GCC_WARN_UNDECLARED_SELECTOR = YES;
				GCC_WARN_UNINITIALIZED_AUTOS = YES_AGGRESSIVE;
				GCC_WARN_UNUSED_FUNCTION = YES;
				GCC_WARN_UNUSED_VARIABLE = YES;
				IPHONEOS_DEPLOYMENT_TARGET = 14.4;
				MTL_ENABLE_DEBUG_INFO = NO;
				MTL_FAST_MATH = YES;
				SDKROOT = iphoneos;
				SWIFT_COMPILATION_MODE = wholemodule;
				SWIFT_OPTIMIZATION_LEVEL = "-O";
				VALIDATE_PRODUCT = YES;
			};
			name = Release;
		};
		07EC6D212603EC3100950666 /* Debug */ = {
			isa = XCBuildConfiguration;
			buildSettings = {
				ASSETCATALOG_COMPILER_APPICON_NAME = AppIcon;
				ASSETCATALOG_COMPILER_GLOBAL_ACCENT_COLOR_NAME = AccentColor;
				CODE_SIGN_STYLE = Automatic;
				DEVELOPMENT_TEAM = ML57WS827W;
				INFOPLIST_FILE = Parstagram/Info.plist;
				LD_RUNPATH_SEARCH_PATHS = (
					"$(inherited)",
					"@executable_path/Frameworks",
				);
				PRODUCT_BUNDLE_IDENTIFIER = cross.Parstagram;
				PRODUCT_NAME = "$(TARGET_NAME)";
				SWIFT_VERSION = 5.0;
				TARGETED_DEVICE_FAMILY = "1,2";
			};
			name = Debug;
		};
		07EC6D222603EC3100950666 /* Release */ = {
			isa = XCBuildConfiguration;
			buildSettings = {
				ASSETCATALOG_COMPILER_APPICON_NAME = AppIcon;
				ASSETCATALOG_COMPILER_GLOBAL_ACCENT_COLOR_NAME = AccentColor;
				CODE_SIGN_STYLE = Automatic;
				DEVELOPMENT_TEAM = ML57WS827W;
				INFOPLIST_FILE = Parstagram/Info.plist;
				LD_RUNPATH_SEARCH_PATHS = (
					"$(inherited)",
					"@executable_path/Frameworks",
				);
				PRODUCT_BUNDLE_IDENTIFIER = cross.Parstagram;
				PRODUCT_NAME = "$(TARGET_NAME)";
				SWIFT_VERSION = 5.0;
				TARGETED_DEVICE_FAMILY = "1,2";
			};
			name = Release;
		};
		07EC6D242603EC3100950666 /* Debug */ = {
			isa = XCBuildConfiguration;
			buildSettings = {
				ALWAYS_EMBED_SWIFT_STANDARD_LIBRARIES = YES;
				BUNDLE_LOADER = "$(TEST_HOST)";
				CODE_SIGN_STYLE = Automatic;
				DEVELOPMENT_TEAM = ML57WS827W;
				INFOPLIST_FILE = ParstagramTests/Info.plist;
				IPHONEOS_DEPLOYMENT_TARGET = 14.4;
				LD_RUNPATH_SEARCH_PATHS = (
					"$(inherited)",
					"@executable_path/Frameworks",
					"@loader_path/Frameworks",
				);
				PRODUCT_BUNDLE_IDENTIFIER = cross.ParstagramTests;
				PRODUCT_NAME = "$(TARGET_NAME)";
				SWIFT_VERSION = 5.0;
				TARGETED_DEVICE_FAMILY = "1,2";
				TEST_HOST = "$(BUILT_PRODUCTS_DIR)/Parstagram.app/Parstagram";
			};
			name = Debug;
		};
		07EC6D252603EC3100950666 /* Release */ = {
			isa = XCBuildConfiguration;
			buildSettings = {
				ALWAYS_EMBED_SWIFT_STANDARD_LIBRARIES = YES;
				BUNDLE_LOADER = "$(TEST_HOST)";
				CODE_SIGN_STYLE = Automatic;
				DEVELOPMENT_TEAM = ML57WS827W;
				INFOPLIST_FILE = ParstagramTests/Info.plist;
				IPHONEOS_DEPLOYMENT_TARGET = 14.4;
				LD_RUNPATH_SEARCH_PATHS = (
					"$(inherited)",
					"@executable_path/Frameworks",
					"@loader_path/Frameworks",
				);
				PRODUCT_BUNDLE_IDENTIFIER = cross.ParstagramTests;
				PRODUCT_NAME = "$(TARGET_NAME)";
				SWIFT_VERSION = 5.0;
				TARGETED_DEVICE_FAMILY = "1,2";
				TEST_HOST = "$(BUILT_PRODUCTS_DIR)/Parstagram.app/Parstagram";
			};
			name = Release;
		};
		07EC6D272603EC3100950666 /* Debug */ = {
			isa = XCBuildConfiguration;
			buildSettings = {
				ALWAYS_EMBED_SWIFT_STANDARD_LIBRARIES = YES;
				CODE_SIGN_STYLE = Automatic;
				DEVELOPMENT_TEAM = ML57WS827W;
				INFOPLIST_FILE = ParstagramUITests/Info.plist;
				LD_RUNPATH_SEARCH_PATHS = (
					"$(inherited)",
					"@executable_path/Frameworks",
					"@loader_path/Frameworks",
				);
				PRODUCT_BUNDLE_IDENTIFIER = cross.ParstagramUITests;
				PRODUCT_NAME = "$(TARGET_NAME)";
				SWIFT_VERSION = 5.0;
				TARGETED_DEVICE_FAMILY = "1,2";
				TEST_TARGET_NAME = Parstagram;
			};
			name = Debug;
		};
		07EC6D282603EC3100950666 /* Release */ = {
			isa = XCBuildConfiguration;
			buildSettings = {
				ALWAYS_EMBED_SWIFT_STANDARD_LIBRARIES = YES;
				CODE_SIGN_STYLE = Automatic;
				DEVELOPMENT_TEAM = ML57WS827W;
				INFOPLIST_FILE = ParstagramUITests/Info.plist;
				LD_RUNPATH_SEARCH_PATHS = (
					"$(inherited)",
					"@executable_path/Frameworks",
					"@loader_path/Frameworks",
				);
				PRODUCT_BUNDLE_IDENTIFIER = cross.ParstagramUITests;
				PRODUCT_NAME = "$(TARGET_NAME)";
				SWIFT_VERSION = 5.0;
				TARGETED_DEVICE_FAMILY = "1,2";
				TEST_TARGET_NAME = Parstagram;
			};
			name = Release;
		};
/* End XCBuildConfiguration section */

/* Begin XCConfigurationList section */
		07EC6CF12603EC2F00950666 /* Build configuration list for PBXProject "Parstagram" */ = {
			isa = XCConfigurationList;
			buildConfigurations = (
				07EC6D1E2603EC3100950666 /* Debug */,
				07EC6D1F2603EC3100950666 /* Release */,
			);
			defaultConfigurationIsVisible = 0;
			defaultConfigurationName = Release;
		};
		07EC6D202603EC3100950666 /* Build configuration list for PBXNativeTarget "Parstagram" */ = {
			isa = XCConfigurationList;
			buildConfigurations = (
				07EC6D212603EC3100950666 /* Debug */,
				07EC6D222603EC3100950666 /* Release */,
			);
			defaultConfigurationIsVisible = 0;
			defaultConfigurationName = Release;
		};
		07EC6D232603EC3100950666 /* Build configuration list for PBXNativeTarget "ParstagramTests" */ = {
			isa = XCConfigurationList;
			buildConfigurations = (
				07EC6D242603EC3100950666 /* Debug */,
				07EC6D252603EC3100950666 /* Release */,
			);
			defaultConfigurationIsVisible = 0;
			defaultConfigurationName = Release;
		};
		07EC6D262603EC3100950666 /* Build configuration list for PBXNativeTarget "ParstagramUITests" */ = {
			isa = XCConfigurationList;
			buildConfigurations = (
				07EC6D272603EC3100950666 /* Debug */,
				07EC6D282603EC3100950666 /* Release */,
			);
			defaultConfigurationIsVisible = 0;
			defaultConfigurationName = Release;
		};
/* End XCConfigurationList section */
	};
	rootObject = 07EC6CEE2603EC2F00950666 /* Project object */;
}
